Microsoft Visual Studio Solution File, Format Version 12.00
# Visual Studio Version 17
VisualStudioVersion = 17.5.2.0
MinimumVisualStudioVersion = 10.0.40219.1
Project("{2150E333-8FDC-42A3-9474-1A3956D46DE8}") = "src", "src", "{827E0CD3-B72D-47B6-A68D-7590B98EB39B}"
EndProject
Project("{2150E333-8FDC-42A3-9474-1A3956D46DE8}") = "tests", "tests", "{0AB3BF05-4346-4AA6-1389-037BE0695223}"
EndProject
Project("{2150E333-8FDC-42A3-9474-1A3956D46DE8}") = "PrintAgent", "PrintAgent", "{8F915C9D-68CA-7528-37BD-064465D341FD}"
EndProject
Project("{FAE04EC0-301F-11D3-BF4B-00C04F79EFBC}") = "MannaHp.PrintAgent", "src\PrintAgent\MannaHp.PrintAgent.csproj", "{35FC28E8-0148-8EA1-B2D0-1387C9E6D271}"
EndProject
Project("{2150E333-8FDC-42A3-9474-1A3956D46DE8}") = "Shared", "Shared", "{C8E42992-5E42-0C2B-DBFE-AA848D06431C}"
EndProject
Project("{FAE04EC0-301F-11D3-BF4B-00C04F79EFBC}") = "MannaHp.Shared", "src\Shared\MannaHp.Shared.csproj", "{851F3DE0-FCDC-B2BE-E62C-64E9DAFF46CF}"
EndProject
Project("{2150E333-8FDC-42A3-9474-1A3956D46DE8}") = "Server", "Server", "{E6B48023-E680-40DA-9E17-319585C26937}"
EndProject
Project("{FAE04EC0-301F-11D3-BF4B-00C04F79EFBC}") = "MannaHp.Server", "src\Server\MannaHp.Server.csproj", "{54CEB989-E6A0-31A6-2F62-CA7E09BA6E31}"
EndProject
Project("{FAE04EC0-301F-11D3-BF4B-00C04F79EFBC}") = "MannaHp.Client.Tests", "tests\MannaHp.Client.Tests\MannaHp.Client.Tests.csproj", "{D0C238A4-CA5C-6F05-0856-CCE9A501D1D0}"
EndProject
Project("{FAE04EC0-301F-11D3-BF4B-00C04F79EFBC}") = "MannaHp.Shared.Tests", "tests\MannaHp.Shared.Tests\MannaHp.Shared.Tests.csproj", "{34307EAA-9B70-8F24-8B9D-582A4DF6F393}"
EndProject
Project("{FAE04EC0-301F-11D3-BF4B-00C04F79EFBC}") = "MannaHp.PrintAgent.Tests", "tests\MannaHp.PrintAgent.Tests\MannaHp.PrintAgent.Tests.csproj", "{940796F2-90E8-9C5E-AA63-DBA30B6E0820}"
EndProject
Project("{FAE04EC0-301F-11D3-BF4B-00C04F79EFBC}") = "MannaHp.E2E.Tests", "tests\MannaHp.E2E.Tests\MannaHp.E2E.Tests.csproj", "{94E5044F-FF01-BE14-4948-6BCAB527CD4A}"
EndProject
Project("{FAE04EC0-301F-11D3-BF4B-00C04F79EFBC}") = "MannaHp.Server.Tests", "tests\MannaHp.Server.Tests\MannaHp.Server.Tests.csproj", "{D27AABE9-8912-2442-2D67-B376B3A3C96A}"
EndProject
Global
	GlobalSection(SolutionConfigurationPlatforms) = preSolution
		Debug|Any CPU = Debug|Any CPU
		Release|Any CPU = Release|Any CPU
	EndGlobalSection
	GlobalSection(ProjectConfigurationPlatforms) = postSolution
		{35FC28E8-0148-8EA1-B2D0-1387C9E6D271}.Debug|Any CPU.ActiveCfg = Debug|Any CPU
		{35FC28E8-0148-8EA1-B2D0-1387C9E6D271}.Debug|Any CPU.Build.0 = Debug|Any CPU
		{35FC28E8-0148-8EA1-B2D0-1387C9E6D271}.Release|Any CPU.ActiveCfg = Release|Any CPU
		{35FC28E8-0148-8EA1-B2D0-1387C9E6D271}.Release|Any CPU.Build.0 = Release|Any CPU
		{851F3DE0-FCDC-B2BE-E62C-64E9DAFF46CF}.Debug|Any CPU.ActiveCfg = Debug|Any CPU
		{851F3DE0-FCDC-B2BE-E62C-64E9DAFF46CF}.Debug|Any CPU.Build.0 = Debug|Any CPU
		{851F3DE0-FCDC-B2BE-E62C-64E9DAFF46CF}.Release|Any CPU.ActiveCfg = Release|Any CPU
		{851F3DE0-FCDC-B2BE-E62C-64E9DAFF46CF}.Release|Any CPU.Build.0 = Release|Any CPU
		{54CEB989-E6A0-31A6-2F62-CA7E09BA6E31}.Debug|Any CPU.ActiveCfg = Debug|Any CPU
		{54CEB989-E6A0-31A6-2F62-CA7E09BA6E31}.Debug|Any CPU.Build.0 = Debug|Any CPU
		{54CEB989-E6A0-31A6-2F62-CA7E09BA6E31}.Release|Any CPU.ActiveCfg = Release|Any CPU
		{54CEB989-E6A0-31A6-2F62-CA7E09BA6E31}.Release|Any CPU.Build.0 = Release|Any CPU
		{D0C238A4-CA5C-6F05-0856-CCE9A501D1D0}.Debug|Any CPU.ActiveCfg = Debug|Any CPU
		{D0C238A4-CA5C-6F05-0856-CCE9A501D1D0}.Debug|Any CPU.Build.0 = Debug|Any CPU
		{D0C238A4-CA5C-6F05-0856-CCE9A501D1D0}.Release|Any CPU.ActiveCfg = Release|Any CPU
		{D0C238A4-CA5C-6F05-0856-CCE9A501D1D0}.Release|Any CPU.Build.0 = Release|Any CPU
		{34307EAA-9B70-8F24-8B9D-582A4DF6F393}.Debug|Any CPU.ActiveCfg = Debug|Any CPU
		{34307EAA-9B70-8F24-8B9D-582A4DF6F393}.Debug|Any CPU.Build.0 = Debug|Any CPU
		{34307EAA-9B70-8F24-8B9D-582A4DF6F393}.Release|Any CPU.ActiveCfg = Release|Any CPU
		{34307EAA-9B70-8F24-8B9D-582A4DF6F393}.Release|Any CPU.Build.0 = Release|Any CPU
		{940796F2-90E8-9C5E-AA63-DBA30B6E0820}.Debug|Any CPU.ActiveCfg = Debug|Any CPU
		{940796F2-90E8-9C5E-AA63-DBA30B6E0820}.Debug|Any CPU.Build.0 = Debug|Any CPU
		{940796F2-90E8-9C5E-AA63-DBA30B6E0820}.Release|Any CPU.ActiveCfg = Release|Any CPU
		{940796F2-90E8-9C5E-AA63-DBA30B6E0820}.Release|Any CPU.Build.0 = Release|Any CPU
		{94E5044F-FF01-BE14-4948-6BCAB527CD4A}.Debug|Any CPU.ActiveCfg = Debug|Any CPU
		{94E5044F-FF01-BE14-4948-6BCAB527CD4A}.Debug|Any CPU.Build.0 = Debug|Any CPU
		{94E5044F-FF01-BE14-4948-6BCAB527CD4A}.Release|Any CPU.ActiveCfg = Release|Any CPU
		{94E5044F-FF01-BE14-4948-6BCAB527CD4A}.Release|Any CPU.Build.0 = Release|Any CPU
		{D27AABE9-8912-2442-2D67-B376B3A3C96A}.Debug|Any CPU.ActiveCfg = Debug|Any CPU
		{D27AABE9-8912-2442-2D67-B376B3A3C96A}.Debug|Any CPU.Build.0 = Debug|Any CPU
		{D27AABE9-8912-2442-2D67-B376B3A3C96A}.Release|Any CPU.ActiveCfg = Release|Any CPU
		{D27AABE9-8912-2442-2D67-B376B3A3C96A}.Release|Any CPU.Build.0 = Release|Any CPU
	EndGlobalSection
	GlobalSection(SolutionProperties) = preSolution
		HideSolutionNode = FALSE
	EndGlobalSection
	GlobalSection(NestedProjects) = preSolution
		{8F915C9D-68CA-7528-37BD-064465D341FD} = {827E0CD3-B72D-47B6-A68D-7590B98EB39B}
		{35FC28E8-0148-8EA1-B2D0-1387C9E6D271} = {8F915C9D-68CA-7528-37BD-064465D341FD}
		{C8E42992-5E42-0C2B-DBFE-AA848D06431C} = {827E0CD3-B72D-47B6-A68D-7590B98EB39B}
		{851F3DE0-FCDC-B2BE-E62C-64E9DAFF46CF} = {C8E42992-5E42-0C2B-DBFE-AA848D06431C}
		{E6B48023-E680-40DA-9E17-319585C26937} = {827E0CD3-B72D-47B6-A68D-7590B98EB39B}
		{54CEB989-E6A0-31A6-2F62-CA7E09BA6E31} = {E6B48023-E680-40DA-9E17-319585C26937}
		{D0C238A4-CA5C-6F05-0856-CCE9A501D1D0} = {0AB3BF05-4346-4AA6-1389-037BE0695223}
		{34307EAA-9B70-8F24-8B9D-582A4DF6F393} = {0AB3BF05-4346-4AA6-1389-037BE0695223}
		{940796F2-90E8-9C5E-AA63-DBA30B6E0820} = {0AB3BF05-4346-4AA6-1389-037BE0695223}
		{94E5044F-FF01-BE14-4948-6BCAB527CD4A} = {0AB3BF05-4346-4AA6-1389-037BE0695223}
		{D27AABE9-8912-2442-2D67-B376B3A3C96A} = {0AB3BF05-4346-4AA6-1389-037BE0695223}
	EndGlobalSection
	GlobalSection(ExtensibilityGlobals) = postSolution
		SolutionGuid = {E08FF2A7-E7B9-48AB-A2AD-EBB2CAF326C3}
	EndGlobalSection
EndGlobal
